# This file is automatically @generated by Poetry 1.4.0 and should not be changed by hand.

[[package]]
name = "pynpm"
version = "0.1.2"
description = "Python interface to your NPM and package.json."
category = "main"
optional = false
python-versions = "*"
files = [
    {file = "pynpm-0.1.2-py2.py3-none-any.whl", hash = "sha256:3f03fbf667549f8b8b7e0419eef88d1b21833ce288f96de66fbb761b9f4c4061"},
    {file = "pynpm-0.1.2.tar.gz", hash = "sha256:8a6d3f9423760cf3c142db3bf9bda5a075e8a91837e7d2e2b0a3de5be5e26da2"},
]

[package.extras]
all = ["Sphinx (>=1.5.1)", "check-manifest (>=0.25)", "coverage (>=4.0)", "isort (>=4.2.2)", "pydocstyle (>=1.0.0)", "pytest (>=2.8.0)", "pytest-cache (>=1.0)", "pytest-cov (>=1.8.0)", "pytest-pep8 (>=1.0.6)"]
docs = ["Sphinx (>=1.5.1)"]
tests = ["check-manifest (>=0.25)", "coverage (>=4.0)", "isort (>=4.2.2)", "pydocstyle (>=1.0.0)", "pytest (>=2.8.0)", "pytest-cache (>=1.0)", "pytest-cov (>=1.8.0)", "pytest-pep8 (>=1.0.6)"]

[metadata]
lock-version = "2.0"
python-versions = "^3.11"
content-hash = "ee2821ebefa6d9986d18b4b08300502be3321345947c674d631fb220280d61ad"
